// !$*UTF8*$!
{
	archiveVersion = 1;
	classes = {
	};
	objectVersion = 56;
	objects = {

/* Begin PBXBuildFile section */
		101B52C32AD34A6600BE9C0F /* StatusBarView.swift in Sources */ = {isa = PBXBuildFile; fileRef = 101B52C22AD34A6600BE9C0F /* StatusBarView.swift */; };
		1026FBA22AD5D85700EFAF31 /* OrderDetailView.swift in Sources */ = {isa = PBXBuildFile; fileRef = 1026FBA12AD5D85700EFAF31 /* OrderDetailView.swift */; };
		104378582ADB248C002915D3 /* MenuView3.swift in Sources */ = {isa = PBXBuildFile; fileRef = 104378572ADB248C002915D3 /* MenuView3.swift */; };
		106728882AD9D29F00E5F185 /* MenuView2.swift in Sources */ = {isa = PBXBuildFile; fileRef = 106728872AD9D29F00E5F185 /* MenuView2.swift */; };
		1067288A2AD9D34300E5F185 /* MenuDetailView.swift in Sources */ = {isa = PBXBuildFile; fileRef = 106728892AD9D34300E5F185 /* MenuDetailView.swift */; };
		109D5C9A2AD4418900447971 /* OrderItemView.swift in Sources */ = {isa = PBXBuildFile; fileRef = 109D5C992AD4418900447971 /* OrderItemView.swift */; };
		109D5C9C2AD4559000447971 /* MenuItemTileView.swift in Sources */ = {isa = PBXBuildFile; fileRef = 109D5C9B2AD4559000447971 /* MenuItemTileView.swift */; };
		109D5C9E2AD4579D00447971 /* MenuGridView.swift in Sources */ = {isa = PBXBuildFile; fileRef = 109D5C9D2AD4579D00447971 /* MenuGridView.swift */; };
		109D5CA02AD4652300447971 /* FavoriteTileView.swift in Sources */ = {isa = PBXBuildFile; fileRef = 109D5C9F2AD4652300447971 /* FavoriteTileView.swift */; };
		10A20FAC2ACDF23200E765BE /* OrderModel.swift in Sources */ = {isa = PBXBuildFile; fileRef = 10A20FA82ACDF23200E765BE /* OrderModel.swift */; };
		10A20FAD2ACDF23200E765BE /* MenuItem.swift in Sources */ = {isa = PBXBuildFile; fileRef = 10A20FA92ACDF23200E765BE /* MenuItem.swift */; };
		10A20FAE2ACDF23200E765BE /* OrderItem.swift in Sources */ = {isa = PBXBuildFile; fileRef = 10A20FAA2ACDF23200E765BE /* OrderItem.swift */; };
		10A20FAF2ACDF23200E765BE /* MenuModel.swift in Sources */ = {isa = PBXBuildFile; fileRef = 10A20FAB2ACDF23200E765BE /* MenuModel.swift */; };
		10D1F0D72ADB8A4B0058F32C /* PhotoController.swift in Sources */ = {isa = PBXBuildFile; fileRef = 10D1F0D62ADB8A4B0058F32C /* PhotoController.swift */; };
		10DCB8B62AC84D0100F1F08C /* HuliPizzaApp.swift in Sources */ = {isa = PBXBuildFile; fileRef = 10DCB8B52AC84D0100F1F08C /* HuliPizzaApp.swift */; };
		10DCB8B82AC84D0100F1F08C /* ContentView.swift in Sources */ = {isa = PBXBuildFile; fileRef = 10DCB8B72AC84D0100F1F08C /* ContentView.swift */; };
		10DCB8BA2AC84D0200F1F08C /* Assets.xcassets in Resources */ = {isa = PBXBuildFile; fileRef = 10DCB8B92AC84D0200F1F08C /* Assets.xcassets */; };
		10DCB8BD2AC84D0200F1F08C /* Preview Assets.xcassets in Resources */ = {isa = PBXBuildFile; fileRef = 10DCB8BC2AC84D0200F1F08C /* Preview Assets.xcassets */; };
		10DCB8C42AC8AB8F00F1F08C /* OrderView.swift in Sources */ = {isa = PBXBuildFile; fileRef = 10DCB8C32AC8AB8F00F1F08C /* OrderView.swift */; };
		10DCB8C62AC8ABB800F1F08C /* MenuView.swift in Sources */ = {isa = PBXBuildFile; fileRef = 10DCB8C52AC8ABB800F1F08C /* MenuView.swift */; };
		10DCB8C82AC8ABDF00F1F08C /* MenuItemView.swift in Sources */ = {isa = PBXBuildFile; fileRef = 10DCB8C72AC8ABDF00F1F08C /* MenuItemView.swift */; };
		10DCB8CA2AC8ABEE00F1F08C /* MenuRawView.swift in Sources */ = {isa = PBXBuildFile; fileRef = 10DCB8C92AC8ABEE00F1F08C /* MenuRawView.swift */; };
		10DCB8CC2AC8AC0700F1F08C /* OrderRawView.swift in Sources */ = {isa = PBXBuildFile; fileRef = 10DCB8CB2AC8AC0600F1F08C /* OrderRawView.swift */; };
		10DCB8CE2AC8AC1E00F1F08C /* HeaderView.swift in Sources */ = {isa = PBXBuildFile; fileRef = 10DCB8CD2AC8AC1E00F1F08C /* HeaderView.swift */; };
		10DCB8D22AC97C9400F1F08C /* RatingsView.swift in Sources */ = {isa = PBXBuildFile; fileRef = 10DCB8D12AC97C9400F1F08C /* RatingsView.swift */; };
/* End PBXBuildFile section */

/* Begin PBXFileReference section */
		101B52C22AD34A6600BE9C0F /* StatusBarView.swift */ = {isa = PBXFileReference; lastKnownFileType = sourcecode.swift; path = StatusBarView.swift; sourceTree = "<group>"; };
		1026FBA12AD5D85700EFAF31 /* OrderDetailView.swift */ = {isa = PBXFileReference; fileEncoding = 4; lastKnownFileType = sourcecode.swift; path = OrderDetailView.swift; sourceTree = "<group>"; };
		104378572ADB248C002915D3 /* MenuView3.swift */ = {isa = PBXFileReference; fileEncoding = 4; lastKnownFileType = sourcecode.swift; path = MenuView3.swift; sourceTree = "<group>"; };
		106728872AD9D29F00E5F185 /* MenuView2.swift */ = {isa = PBXFileReference; lastKnownFileType = sourcecode.swift; path = MenuView2.swift; sourceTree = "<group>"; };
		106728892AD9D34300E5F185 /* MenuDetailView.swift */ = {isa = PBXFileReference; fileEncoding = 4; lastKnownFileType = sourcecode.swift; path = MenuDetailView.swift; sourceTree = "<group>"; };
		109D5C992AD4418900447971 /* OrderItemView.swift */ = {isa = PBXFileReference; lastKnownFileType = sourcecode.swift; path = OrderItemView.swift; sourceTree = "<group>"; };
		109D5C9B2AD4559000447971 /* MenuItemTileView.swift */ = {isa = PBXFileReference; fileEncoding = 4; lastKnownFileType = sourcecode.swift; path = MenuItemTileView.swift; sourceTree = "<group>"; };
		109D5C9D2AD4579D00447971 /* MenuGridView.swift */ = {isa = PBXFileReference; lastKnownFileType = sourcecode.swift; path = MenuGridView.swift; sourceTree = "<group>"; };
		109D5C9F2AD4652300447971 /* FavoriteTileView.swift */ = {isa = PBXFileReference; fileEncoding = 4; lastKnownFileType = sourcecode.swift; path = FavoriteTileView.swift; sourceTree = "<group>"; };
		10A20FA82ACDF23200E765BE /* OrderModel.swift */ = {isa = PBXFileReference; fileEncoding = 4; lastKnownFileType = sourcecode.swift; path = OrderModel.swift; sourceTree = "<group>"; };
		10A20FA92ACDF23200E765BE /* MenuItem.swift */ = {isa = PBXFileReference; fileEncoding = 4; lastKnownFileType = sourcecode.swift; path = MenuItem.swift; sourceTree = "<group>"; };
		10A20FAA2ACDF23200E765BE /* OrderItem.swift */ = {isa = PBXFileReference; fileEncoding = 4; lastKnownFileType = sourcecode.swift; path = OrderItem.swift; sourceTree = "<group>"; };
		10A20FAB2ACDF23200E765BE /* MenuModel.swift */ = {isa = PBXFileReference; fileEncoding = 4; lastKnownFileType = sourcecode.swift; path = MenuModel.swift; sourceTree = "<group>"; };
		10D1F0D62ADB8A4B0058F32C /* PhotoController.swift */ = {isa = PBXFileReference; fileEncoding = 4; lastKnownFileType = sourcecode.swift; path = PhotoController.swift; sourceTree = "<group>"; };
		10DCB8B22AC84D0100F1F08C /* HuliPizza.app */ = {isa = PBXFileReference; explicitFileType = wrapper.application; includeInIndex = 0; path = HuliPizza.app; sourceTree = BUILT_PRODUCTS_DIR; };
		10DCB8B52AC84D0100F1F08C /* HuliPizzaApp.swift */ = {isa = PBXFileReference; lastKnownFileType = sourcecode.swift; path = HuliPizzaApp.swift; sourceTree = "<group>"; };
		10DCB8B72AC84D0100F1F08C /* ContentView.swift */ = {isa = PBXFileReference; lastKnownFileType = sourcecode.swift; path = ContentView.swift; sourceTree = "<group>"; };
		10DCB8B92AC84D0200F1F08C /* Assets.xcassets */ = {isa = PBXFileReference; lastKnownFileType = folder.assetcatalog; path = Assets.xcassets; sourceTree = "<group>"; };
		10DCB8BC2AC84D0200F1F08C /* Preview Assets.xcassets */ = {isa = PBXFileReference; lastKnownFileType = folder.assetcatalog; path = "Preview Assets.xcassets"; sourceTree = "<group>"; };
		10DCB8C32AC8AB8F00F1F08C /* OrderView.swift */ = {isa = PBXFileReference; lastKnownFileType = sourcecode.swift; path = OrderView.swift; sourceTree = "<group>"; };
		10DCB8C52AC8ABB800F1F08C /* MenuView.swift */ = {isa = PBXFileReference; lastKnownFileType = sourcecode.swift; path = MenuView.swift; sourceTree = "<group>"; };
		10DCB8C72AC8ABDF00F1F08C /* MenuItemView.swift */ = {isa = PBXFileReference; lastKnownFileType = sourcecode.swift; path = MenuItemView.swift; sourceTree = "<group>"; };
		10DCB8C92AC8ABEE00F1F08C /* MenuRawView.swift */ = {isa = PBXFileReference; lastKnownFileType = sourcecode.swift; path = MenuRawView.swift; sourceTree = "<group>"; };
		10DCB8CB2AC8AC0600F1F08C /* OrderRawView.swift */ = {isa = PBXFileReference; lastKnownFileType = sourcecode.swift; path = OrderRawView.swift; sourceTree = "<group>"; };
		10DCB8CD2AC8AC1E00F1F08C /* HeaderView.swift */ = {isa = PBXFileReference; lastKnownFileType = sourcecode.swift; path = HeaderView.swift; sourceTree = "<group>"; };
		10DCB8D12AC97C9400F1F08C /* RatingsView.swift */ = {isa = PBXFileReference; lastKnownFileType = sourcecode.swift; path = RatingsView.swift; sourceTree = "<group>"; };
/* End PBXFileReference section */

/* Begin PBXFrameworksBuildPhase section */
		10DCB8AF2AC84D0100F1F08C /* Frameworks */ = {
			isa = PBXFrameworksBuildPhase;
			buildActionMask = 2147483647;
			files = (
			);
			runOnlyForDeploymentPostprocessing = 0;
		};
/* End PBXFrameworksBuildPhase section */

/* Begin PBXGroup section */
		10A20FA72ACDF23200E765BE /* Model Code */ = {
			isa = PBXGroup;
			children = (
				10A20FA82ACDF23200E765BE /* OrderModel.swift */,
				10A20FA92ACDF23200E765BE /* MenuItem.swift */,
				10A20FAA2ACDF23200E765BE /* OrderItem.swift */,
				10A20FAB2ACDF23200E765BE /* MenuModel.swift */,
			);
			path = "Model Code";
			sourceTree = "<group>";
		};
		10DCB8A92AC84D0100F1F08C = {
			isa = PBXGroup;
			children = (
				10DCB8B42AC84D0100F1F08C /* HuliPizza */,
				10DCB8B32AC84D0100F1F08C /* Products */,
			);
			sourceTree = "<group>";
		};
		10DCB8B32AC84D0100F1F08C /* Products */ = {
			isa = PBXGroup;
			children = (
				10DCB8B22AC84D0100F1F08C /* HuliPizza.app */,
			);
			name = Products;
			sourceTree = "<group>";
		};
		10DCB8B42AC84D0100F1F08C /* HuliPizza */ = {
			isa = PBXGroup;
			children = (
				10DCB8B52AC84D0100F1F08C /* HuliPizzaApp.swift */,
				10DCB8B72AC84D0100F1F08C /* ContentView.swift */,
				10DCB8C32AC8AB8F00F1F08C /* OrderView.swift */,
				10DCB8C52AC8ABB800F1F08C /* MenuView.swift */,
				10DCB8B92AC84D0200F1F08C /* Assets.xcassets */,
				10DCB8BB2AC84D0200F1F08C /* Preview Content */,
				109D5C9B2AD4559000447971 /* MenuItemTileView.swift */,
				109D5C9D2AD4579D00447971 /* MenuGridView.swift */,
				109D5C9F2AD4652300447971 /* FavoriteTileView.swift */,
				1026FBA12AD5D85700EFAF31 /* OrderDetailView.swift */,
				10DCB8C72AC8ABDF00F1F08C /* MenuItemView.swift */,
				10DCB8C92AC8ABEE00F1F08C /* MenuRawView.swift */,
				10DCB8CB2AC8AC0600F1F08C /* OrderRawView.swift */,
				10DCB8CD2AC8AC1E00F1F08C /* HeaderView.swift */,
				10DCB8D12AC97C9400F1F08C /* RatingsView.swift */,
				10A20FA72ACDF23200E765BE /* Model Code */,
				101B52C22AD34A6600BE9C0F /* StatusBarView.swift */,
				109D5C992AD4418900447971 /* OrderItemView.swift */,
				106728872AD9D29F00E5F185 /* MenuView2.swift */,
				106728892AD9D34300E5F185 /* MenuDetailView.swift */,
				104378572ADB248C002915D3 /* MenuView3.swift */,
				10D1F0D62ADB8A4B0058F32C /* PhotoController.swift */,
			);
			path = HuliPizza;
			sourceTree = "<group>";
		};
		10DCB8BB2AC84D0200F1F08C /* Preview Content */ = {
			isa = PBXGroup;
			children = (
				10DCB8BC2AC84D0200F1F08C /* Preview Assets.xcassets */,
			);
			path = "Preview Content";
			sourceTree = "<group>";
		};
/* End PBXGroup section */

/* Begin PBXNativeTarget section */
		10DCB8B12AC84D0100F1F08C /* HuliPizza */ = {
			isa = PBXNativeTarget;
			buildConfigurationList = 10DCB8C02AC84D0200F1F08C /* Build configuration list for PBXNativeTarget "HuliPizza" */;
			buildPhases = (
				10DCB8AE2AC84D0100F1F08C /* Sources */,
				10DCB8AF2AC84D0100F1F08C /* Frameworks */,
				10DCB8B02AC84D0100F1F08C /* Resources */,
			);
			buildRules = (
			);
			dependencies = (
			);
			name = HuliPizza;
			productName = HuliPizza;
			productReference = 10DCB8B22AC84D0100F1F08C /* HuliPizza.app */;
			productType = "com.apple.product-type.application";
		};
/* End PBXNativeTarget section */

/* Begin PBXProject section */
		10DCB8AA2AC84D0100F1F08C /* Project object */ = {
			isa = PBXProject;
			attributes = {
				BuildIndependentTargetsInParallel = 1;
				LastSwiftUpdateCheck = 1500;
				LastUpgradeCheck = 1500;
				TargetAttributes = {
					10DCB8B12AC84D0100F1F08C = {
						CreatedOnToolsVersion = 15.0;
					};
				};
			};
			buildConfigurationList = 10DCB8AD2AC84D0100F1F08C /* Build configuration list for PBXProject "HuliPizza" */;
			compatibilityVersion = "Xcode 14.0";
			developmentRegion = en;
			hasScannedForEncodings = 0;
			knownRegions = (
				en,
				Base,
			);
			mainGroup = 10DCB8A92AC84D0100F1F08C;
			productRefGroup = 10DCB8B32AC84D0100F1F08C /* Products */;
			projectDirPath = "";
			projectRoot = "";
			targets = (
				10DCB8B12AC84D0100F1F08C /* HuliPizza */,
			);
		};
/* End PBXProject section */

/* Begin PBXResourcesBuildPhase section */
		10DCB8B02AC84D0100F1F08C /* Resources */ = {
			isa = PBXResourcesBuildPhase;
			buildActionMask = 2147483647;
			files = (
				10DCB8BD2AC84D0200F1F08C /* Preview Assets.xcassets in Resources */,
				10DCB8BA2AC84D0200F1F08C /* Assets.xcassets in Resources */,
			);
			runOnlyForDeploymentPostprocessing = 0;
		};
/* End PBXResourcesBuildPhase section */

/* Begin PBXSourcesBuildPhase section */
		10DCB8AE2AC84D0100F1F08C /* Sources */ = {
			isa = PBXSourcesBuildPhase;
			buildActionMask = 2147483647;
			files = (
				10DCB8CA2AC8ABEE00F1F08C /* MenuRawView.swift in Sources */,
				10D1F0D72ADB8A4B0058F32C /* PhotoController.swift in Sources */,
				10DCB8C42AC8AB8F00F1F08C /* OrderView.swift in Sources */,
				109D5CA02AD4652300447971 /* FavoriteTileView.swift in Sources */,
				1067288A2AD9D34300E5F185 /* MenuDetailView.swift in Sources */,
				10A20FAC2ACDF23200E765BE /* OrderModel.swift in Sources */,
				10DCB8C62AC8ABB800F1F08C /* MenuView.swift in Sources */,
				10DCB8B82AC84D0100F1F08C /* ContentView.swift in Sources */,
				10A20FAE2ACDF23200E765BE /* OrderItem.swift in Sources */,
				10DCB8D22AC97C9400F1F08C /* RatingsView.swift in Sources */,
				109D5C9A2AD4418900447971 /* OrderItemView.swift in Sources */,
				10DCB8B62AC84D0100F1F08C /* HuliPizzaApp.swift in Sources */,
				10DCB8CC2AC8AC0700F1F08C /* OrderRawView.swift in Sources */,
				10A20FAF2ACDF23200E765BE /* MenuModel.swift in Sources */,
				106728882AD9D29F00E5F185 /* MenuView2.swift in Sources */,
				101B52C32AD34A6600BE9C0F /* StatusBarView.swift in Sources */,
				109D5C9E2AD4579D00447971 /* MenuGridView.swift in Sources */,
				10A20FAD2ACDF23200E765BE /* MenuItem.swift in Sources */,
				104378582ADB248C002915D3 /* MenuView3.swift in Sources */,
				1026FBA22AD5D85700EFAF31 /* OrderDetailView.swift in Sources */,
				10DCB8C82AC8ABDF00F1F08C /* MenuItemView.swift in Sources */,
				109D5C9C2AD4559000447971 /* MenuItemTileView.swift in Sources */,
				10DCB8CE2AC8AC1E00F1F08C /* HeaderView.swift in Sources */,
			);
			runOnlyForDeploymentPostprocessing = 0;
		};
/* End PBXSourcesBuildPhase section */

/* Begin XCBuildConfiguration section */
		10DCB8BE2AC84D0200F1F08C /* Debug */ = {
			isa = XCBuildConfiguration;
			buildSettings = {
				ALWAYS_SEARCH_USER_PATHS = NO;
				ASSETCATALOG_COMPILER_GENERATE_SWIFT_ASSET_SYMBOL_EXTENSIONS = YES;
				CLANG_ANALYZER_NONNULL = YES;
				CLANG_ANALYZER_NUMBER_OBJECT_CONVERSION = YES_AGGRESSIVE;
				CLANG_CXX_LANGUAGE_STANDARD = "gnu++20";
				CLANG_ENABLE_MODULES = YES;
				CLANG_ENABLE_OBJC_ARC = YES;
				CLANG_ENABLE_OBJC_WEAK = YES;
				CLANG_WARN_BLOCK_CAPTURE_AUTORELEASING = YES;
				CLANG_WARN_BOOL_CONVERSION = YES;
				CLANG_WARN_COMMA = YES;
				CLANG_WARN_CONSTANT_CONVERSION = YES;
				CLANG_WARN_DEPRECATED_OBJC_IMPLEMENTATIONS = YES;
				CLANG_WARN_DIRECT_OBJC_ISA_USAGE = YES_ERROR;
				CLANG_WARN_DOCUMENTATION_COMMENTS = YES;
				CLANG_WARN_EMPTY_BODY = YES;
				CLANG_WARN_ENUM_CONVERSION = YES;
				CLANG_WARN_INFINITE_RECURSION = YES;
				CLANG_WARN_INT_CONVERSION = YES;
				CLANG_WARN_NON_LITERAL_NULL_CONVERSION = YES;
				CLANG_WARN_OBJC_IMPLICIT_RETAIN_SELF = YES;
				CLANG_WARN_OBJC_LITERAL_CONVERSION = YES;
				CLANG_WARN_OBJC_ROOT_CLASS = YES_ERROR;
				CLANG_WARN_QUOTED_INCLUDE_IN_FRAMEWORK_HEADER = YES;
				CLANG_WARN_RANGE_LOOP_ANALYSIS = YES;
				CLANG_WARN_STRICT_PROTOTYPES = YES;
				CLANG_WARN_SUSPICIOUS_MOVE = YES;
				CLANG_WARN_UNGUARDED_AVAILABILITY = YES_AGGRESSIVE;
				CLANG_WARN_UNREACHABLE_CODE = YES;
				CLANG_WARN__DUPLICATE_METHOD_MATCH = YES;
				COPY_PHASE_STRIP = NO;
				DEBUG_INFORMATION_FORMAT = dwarf;
				ENABLE_STRICT_OBJC_MSGSEND = YES;
				ENABLE_TESTABILITY = YES;
				ENABLE_USER_SCRIPT_SANDBOXING = YES;
				GCC_C_LANGUAGE_STANDARD = gnu17;
				GCC_DYNAMIC_NO_PIC = NO;
				GCC_NO_COMMON_BLOCKS = YES;
				GCC_OPTIMIZATION_LEVEL = 0;
				GCC_PREPROCESSOR_DEFINITIONS = (
					"DEBUG=1",
					"$(inherited)",
				);
				GCC_WARN_64_TO_32_BIT_CONVERSION = YES;
				GCC_WARN_ABOUT_RETURN_TYPE = YES_ERROR;
				GCC_WARN_UNDECLARED_SELECTOR = YES;
				GCC_WARN_UNINITIALIZED_AUTOS = YES_AGGRESSIVE;
				GCC_WARN_UNUSED_FUNCTION = YES;
				GCC_WARN_UNUSED_VARIABLE = YES;
				IPHONEOS_DEPLOYMENT_TARGET = 17.0;
				LOCALIZATION_PREFERS_STRING_CATALOGS = YES;
				MTL_ENABLE_DEBUG_INFO = INCLUDE_SOURCE;
				MTL_FAST_MATH = YES;
				ONLY_ACTIVE_ARCH = YES;
				SDKROOT = iphoneos;
				SWIFT_ACTIVE_COMPILATION_CONDITIONS = "DEBUG $(inherited)";
				SWIFT_OPTIMIZATION_LEVEL = "-Onone";
			};
			name = Debug;
		};
		10DCB8BF2AC84D0200F1F08C /* Release */ = {
			isa = XCBuildConfiguration;
			buildSettings = {
				ALWAYS_SEARCH_USER_PATHS = NO;
				ASSETCATALOG_COMPILER_GENERATE_SWIFT_ASSET_SYMBOL_EXTENSIONS = YES;
				CLANG_ANALYZER_NONNULL = YES;
				CLANG_ANALYZER_NUMBER_OBJECT_CONVERSION = YES_AGGRESSIVE;
				CLANG_CXX_LANGUAGE_STANDARD = "gnu++20";
				CLANG_ENABLE_MODULES = YES;
				CLANG_ENABLE_OBJC_ARC = YES;
				CLANG_ENABLE_OBJC_WEAK = YES;
				CLANG_WARN_BLOCK_CAPTURE_AUTORELEASING = YES;
				CLANG_WARN_BOOL_CONVERSION = YES;
				CLANG_WARN_COMMA = YES;
				CLANG_WARN_CONSTANT_CONVERSION = YES;
				CLANG_WARN_DEPRECATED_OBJC_IMPLEMENTATIONS = YES;
				CLANG_WARN_DIRECT_OBJC_ISA_USAGE = YES_ERROR;
				CLANG_WARN_DOCUMENTATION_COMMENTS = YES;
				CLANG_WARN_EMPTY_BODY = YES;
				CLANG_WARN_ENUM_CONVERSION = YES;
				CLANG_WARN_INFINITE_RECURSION = YES;
				CLANG_WARN_INT_CONVERSION = YES;
				CLANG_WARN_NON_LITERAL_NULL_CONVERSION = YES;
				CLANG_WARN_OBJC_IMPLICIT_RETAIN_SELF = YES;
				CLANG_WARN_OBJC_LITERAL_CONVERSION = YES;
				CLANG_WARN_OBJC_ROOT_CLASS = YES_ERROR;
				CLANG_WARN_QUOTED_INCLUDE_IN_FRAMEWORK_HEADER = YES;
				CLANG_WARN_RANGE_LOOP_ANALYSIS = YES;
				CLANG_WARN_STRICT_PROTOTYPES = YES;
				CLANG_WARN_SUSPICIOUS_MOVE = YES;
				CLANG_WARN_UNGUARDED_AVAILABILITY = YES_AGGRESSIVE;
				CLANG_WARN_UNREACHABLE_CODE = YES;
				CLANG_WARN__DUPLICATE_METHOD_MATCH = YES;
				COPY_PHASE_STRIP = NO;
				DEBUG_INFORMATION_FORMAT = "dwarf-with-dsym";
				ENABLE_NS_ASSERTIONS = NO;
				ENABLE_STRICT_OBJC_MSGSEND = YES;
				ENABLE_USER_SCRIPT_SANDBOXING = YES;
				GCC_C_LANGUAGE_STANDARD = gnu17;
				GCC_NO_COMMON_BLOCKS = YES;
				GCC_WARN_64_TO_32_BIT_CONVERSION = YES;
				GCC_WARN_ABOUT_RETURN_TYPE = YES_ERROR;
				GCC_WARN_UNDECLARED_SELECTOR = YES;
				GCC_WARN_UNINITIALIZED_AUTOS = YES_AGGRESSIVE;
				GCC_WARN_UNUSED_FUNCTION = YES;
				GCC_WARN_UNUSED_VARIABLE = YES;
				IPHONEOS_DEPLOYMENT_TARGET = 17.0;
				LOCALIZATION_PREFERS_STRING_CATALOGS = YES;
				MTL_ENABLE_DEBUG_INFO = NO;
				MTL_FAST_MATH = YES;
				SDKROOT = iphoneos;
				SWIFT_COMPILATION_MODE = wholemodule;
				VALIDATE_PRODUCT = YES;
			};
			name = Release;
		};
		10DCB8C12AC84D0200F1F08C /* Debug */ = {
			isa = XCBuildConfiguration;
			buildSettings = {
				ASSETCATALOG_COMPILER_APPICON_NAME = AppIcon;
				ASSETCATALOG_COMPILER_GLOBAL_ACCENT_COLOR_NAME = AccentColor;
				CODE_SIGN_STYLE = Automatic;
				CURRENT_PROJECT_VERSION = 1;
				DEVELOPMENT_ASSET_PATHS = "\"HuliPizza/Preview Content\"";
				ENABLE_PREVIEWS = YES;
				GENERATE_INFOPLIST_FILE = YES;
				INFOPLIST_KEY_UIApplicationSceneManifest_Generation = YES;
				INFOPLIST_KEY_UIApplicationSupportsIndirectInputEvents = YES;
				INFOPLIST_KEY_UILaunchScreen_Generation = YES;
				INFOPLIST_KEY_UISupportedInterfaceOrientations_iPad = "UIInterfaceOrientationPortrait UIInterfaceOrientationPortraitUpsideDown UIInterfaceOrientationLandscapeLeft UIInterfaceOrientationLandscapeRight";
				INFOPLIST_KEY_UISupportedInterfaceOrientations_iPhone = "UIInterfaceOrientationPortrait UIInterfaceOrientationLandscapeLeft UIInterfaceOrientationLandscapeRight";
				LD_RUNPATH_SEARCH_PATHS = (
					"$(inherited)",
					"@executable_path/Frameworks",
				);
				MARKETING_VERSION = 1.0;
				PRODUCT_BUNDLE_IDENTIFIER = satish.HuliPizza;
				PRODUCT_NAME = "$(TARGET_NAME)";
				SWIFT_EMIT_LOC_STRINGS = YES;
				SWIFT_VERSION = 5.0;
				TARGETED_DEVICE_FAMILY = "1,2";
			};
			name = Debug;
		};
		10DCB8C22AC84D0200F1F08C /* Release */ = {
			isa = XCBuildConfiguration;
			buildSettings = {
				ASSETCATALOG_COMPILER_APPICON_NAME = AppIcon;
				ASSETCATALOG_COMPILER_GLOBAL_ACCENT_COLOR_NAME = AccentColor;
				CODE_SIGN_STYLE = Automatic;
				CURRENT_PROJECT_VERSION = 1;
				DEVELOPMENT_ASSET_PATHS = "\"HuliPizza/Preview Content\"";
				ENABLE_PREVIEWS = YES;
				GENERATE_INFOPLIST_FILE = YES;
				INFOPLIST_KEY_UIApplicationSceneManifest_Generation = YES;
				INFOPLIST_KEY_UIApplicationSupportsIndirectInputEvents = YES;
				INFOPLIST_KEY_UILaunchScreen_Generation = YES;
				INFOPLIST_KEY_UISupportedInterfaceOrientations_iPad = "UIInterfaceOrientationPortrait UIInterfaceOrientationPortraitUpsideDown UIInterfaceOrientationLandscapeLeft UIInterfaceOrientationLandscapeRight";
				INFOPLIST_KEY_UISupportedInterfaceOrientations_iPhone = "UIInterfaceOrientationPortrait UIInterfaceOrientationLandscapeLeft UIInterfaceOrientationLandscapeRight";
				LD_RUNPATH_SEARCH_PATHS = (
					"$(inherited)",
					"@executable_path/Frameworks",
				);
				MARKETING_VERSION = 1.0;
				PRODUCT_BUNDLE_IDENTIFIER = satish.HuliPizza;
				PRODUCT_NAME = "$(TARGET_NAME)";
				SWIFT_EMIT_LOC_STRINGS = YES;
				SWIFT_VERSION = 5.0;
				TARGETED_DEVICE_FAMILY = "1,2";
			};
			name = Release;
		};
/* End XCBuildConfiguration section */

/* Begin XCConfigurationList section */
		10DCB8AD2AC84D0100F1F08C /* Build configuration list for PBXProject "HuliPizza" */ = {
			isa = XCConfigurationList;
			buildConfigurations = (
				10DCB8BE2AC84D0200F1F08C /* Debug */,
				10DCB8BF2AC84D0200F1F08C /* Release */,
			);
			defaultConfigurationIsVisible = 0;
			defaultConfigurationName = Release;
		};
		10DCB8C02AC84D0200F1F08C /* Build configuration list for PBXNativeTarget "HuliPizza" */ = {
			isa = XCConfigurationList;
			buildConfigurations = (
				10DCB8C12AC84D0200F1F08C /* Debug */,
				10DCB8C22AC84D0200F1F08C /* Release */,
			);
			defaultConfigurationIsVisible = 0;
			defaultConfigurationName = Release;
		};
/* End XCConfigurationList section */
	};
	rootObject = 10DCB8AA2AC84D0100F1F08C /* Project object */;
}
